// !$*UTF8*$!
{
	archiveVersion = 1;
	classes = {
	};
	objectVersion = 48;
	objects = {

/* Begin PBXBuildFile section */
		40B3B7D324BA8C870003812B /* AppDelegate.swift in Sources */ = {isa = PBXBuildFile; fileRef = 40B3B7D224BA8C870003812B /* AppDelegate.swift */; };
		40B3B7D524BA8C870003812B /* ViewController.swift in Sources */ = {isa = PBXBuildFile; fileRef = 40B3B7D424BA8C870003812B /* ViewController.swift */; };
		40B3B7D824BA8C870003812B /* Main.storyboard in Resources */ = {isa = PBXBuildFile; fileRef = 40B3B7D624BA8C870003812B /* Main.storyboard */; };
		40B3B7DA24BA8C870003812B /* Assets.xcassets in Resources */ = {isa = PBXBuildFile; fileRef = 40B3B7D924BA8C870003812B /* Assets.xcassets */; };
		40B3B7DD24BA8C870003812B /* LaunchScreen.storyboard in Resources */ = {isa = PBXBuildFile; fileRef = 40B3B7DB24BA8C870003812B /* LaunchScreen.storyboard */; };
		40B3B7E824BA8C870003812B /* tippyTests.swift in Sources */ = {isa = PBXBuildFile; fileRef = 40B3B7E724BA8C870003812B /* tippyTests.swift */; };
		40B3B7F324BA8C870003812B /* tippyUITests.swift in Sources */ = {isa = PBXBuildFile; fileRef = 40B3B7F224BA8C870003812B /* tippyUITests.swift */; };
/* End PBXBuildFile section */

/* Begin PBXContainerItemProxy section */
		40B3B7E424BA8C870003812B /* PBXContainerItemProxy */ = {
			isa = PBXContainerItemProxy;
			containerPortal = 40B3B7C724BA8C870003812B /* Project object */;
			proxyType = 1;
			remoteGlobalIDString = 40B3B7CE24BA8C870003812B;
			remoteInfo = tippy;
		};
		40B3B7EF24BA8C870003812B /* PBXContainerItemProxy */ = {
			isa = PBXContainerItemProxy;
			containerPortal = 40B3B7C724BA8C870003812B /* Project object */;
			proxyType = 1;
			remoteGlobalIDString = 40B3B7CE24BA8C870003812B;
			remoteInfo = tippy;
		};
/* End PBXContainerItemProxy section */

/* Begin PBXFileReference section */
		40B3B7CF24BA8C870003812B /* tippy.app */ = {isa = PBXFileReference; explicitFileType = wrapper.application; includeInIndex = 0; path = tippy.app; sourceTree = BUILT_PRODUCTS_DIR; };
		40B3B7D224BA8C870003812B /* AppDelegate.swift */ = {isa = PBXFileReference; lastKnownFileType = sourcecode.swift; path = AppDelegate.swift; sourceTree = "<group>"; };
		40B3B7D424BA8C870003812B /* ViewController.swift */ = {isa = PBXFileReference; lastKnownFileType = sourcecode.swift; path = ViewController.swift; sourceTree = "<group>"; };
		40B3B7D724BA8C870003812B /* Base */ = {isa = PBXFileReference; lastKnownFileType = file.storyboard; name = Base; path = Base.lproj/Main.storyboard; sourceTree = "<group>"; };
		40B3B7D924BA8C870003812B /* Assets.xcassets */ = {isa = PBXFileReference; lastKnownFileType = folder.assetcatalog; path = Assets.xcassets; sourceTree = "<group>"; };
		40B3B7DC24BA8C870003812B /* Base */ = {isa = PBXFileReference; lastKnownFileType = file.storyboard; name = Base; path = Base.lproj/LaunchScreen.storyboard; sourceTree = "<group>"; };
		40B3B7DE24BA8C870003812B /* Info.plist */ = {isa = PBXFileReference; lastKnownFileType = text.plist.xml; path = Info.plist; sourceTree = "<group>"; };
		40B3B7E324BA8C870003812B /* tippyTests.xctest */ = {isa = PBXFileReference; explicitFileType = wrapper.cfbundle; includeInIndex = 0; path = tippyTests.xctest; sourceTree = BUILT_PRODUCTS_DIR; };
		40B3B7E724BA8C870003812B /* tippyTests.swift */ = {isa = PBXFileReference; lastKnownFileType = sourcecode.swift; path = tippyTests.swift; sourceTree = "<group>"; };
		40B3B7E924BA8C870003812B /* Info.plist */ = {isa = PBXFileReference; lastKnownFileType = text.plist.xml; path = Info.plist; sourceTree = "<group>"; };
		40B3B7EE24BA8C870003812B /* tippyUITests.xctest */ = {isa = PBXFileReference; explicitFileType = wrapper.cfbundle; includeInIndex = 0; path = tippyUITests.xctest; sourceTree = BUILT_PRODUCTS_DIR; };
		40B3B7F224BA8C870003812B /* tippyUITests.swift */ = {isa = PBXFileReference; lastKnownFileType = sourcecode.swift; path = tippyUITests.swift; sourceTree = "<group>"; };
		40B3B7F424BA8C870003812B /* Info.plist */ = {isa = PBXFileReference; lastKnownFileType = text.plist.xml; path = Info.plist; sourceTree = "<group>"; };
/* End PBXFileReference section */

/* Begin PBXFrameworksBuildPhase section */
		40B3B7CC24BA8C870003812B /* Frameworks */ = {
			isa = PBXFrameworksBuildPhase;
			buildActionMask = 2147483647;
			files = (
			);
			runOnlyForDeploymentPostprocessing = 0;
		};
		40B3B7E024BA8C870003812B /* Frameworks */ = {
			isa = PBXFrameworksBuildPhase;
			buildActionMask = 2147483647;
			files = (
			);
			runOnlyForDeploymentPostprocessing = 0;
		};
		40B3B7EB24BA8C870003812B /* Frameworks */ = {
			isa = PBXFrameworksBuildPhase;
			buildActionMask = 2147483647;
			files = (
			);
			runOnlyForDeploymentPostprocessing = 0;
		};
/* End PBXFrameworksBuildPhase section */

/* Begin PBXGroup section */
		40B3B7C624BA8C870003812B = {
			isa = PBXGroup;
			children = (
				40B3B7D124BA8C870003812B /* tippy */,
				40B3B7E624BA8C870003812B /* tippyTests */,
				40B3B7F124BA8C870003812B /* tippyUITests */,
				40B3B7D024BA8C870003812B /* Products */,
			);
			sourceTree = "<group>";
		};
		40B3B7D024BA8C870003812B /* Products */ = {
			isa = PBXGroup;
			children = (
				40B3B7CF24BA8C870003812B /* tippy.app */,
				40B3B7E324BA8C870003812B /* tippyTests.xctest */,
				40B3B7EE24BA8C870003812B /* tippyUITests.xctest */,
			);
			name = Products;
			sourceTree = "<group>";
		};
		40B3B7D124BA8C870003812B /* tippy */ = {
			isa = PBXGroup;
			children = (
				40B3B7D224BA8C870003812B /* AppDelegate.swift */,
				40B3B7D424BA8C870003812B /* ViewController.swift */,
				40B3B7D624BA8C870003812B /* Main.storyboard */,
				40B3B7D924BA8C870003812B /* Assets.xcassets */,
				40B3B7DB24BA8C870003812B /* LaunchScreen.storyboard */,
				40B3B7DE24BA8C870003812B /* Info.plist */,
			);
			path = tippy;
			sourceTree = "<group>";
		};
		40B3B7E624BA8C870003812B /* tippyTests */ = {
			isa = PBXGroup;
			children = (
				40B3B7E724BA8C870003812B /* tippyTests.swift */,
				40B3B7E924BA8C870003812B /* Info.plist */,
			);
			path = tippyTests;
			sourceTree = "<group>";
		};
		40B3B7F124BA8C870003812B /* tippyUITests */ = {
			isa = PBXGroup;
			children = (
				40B3B7F224BA8C870003812B /* tippyUITests.swift */,
				40B3B7F424BA8C870003812B /* Info.plist */,
			);
			path = tippyUITests;
			sourceTree = "<group>";
		};
/* End PBXGroup section */

/* Begin PBXNativeTarget section */
		40B3B7CE24BA8C870003812B /* tippy */ = {
			isa = PBXNativeTarget;
			buildConfigurationList = 40B3B7F724BA8C870003812B /* Build configuration list for PBXNativeTarget "tippy" */;
			buildPhases = (
				40B3B7CB24BA8C870003812B /* Sources */,
				40B3B7CC24BA8C870003812B /* Frameworks */,
				40B3B7CD24BA8C870003812B /* Resources */,
			);
			buildRules = (
			);
			dependencies = (
			);
			name = tippy;
			productName = tippy;
			productReference = 40B3B7CF24BA8C870003812B /* tippy.app */;
			productType = "com.apple.product-type.application";
		};
		40B3B7E224BA8C870003812B /* tippyTests */ = {
			isa = PBXNativeTarget;
			buildConfigurationList = 40B3B7FA24BA8C870003812B /* Build configuration list for PBXNativeTarget "tippyTests" */;
			buildPhases = (
				40B3B7DF24BA8C870003812B /* Sources */,
				40B3B7E024BA8C870003812B /* Frameworks */,
				40B3B7E124BA8C870003812B /* Resources */,
			);
			buildRules = (
			);
			dependencies = (
				40B3B7E524BA8C870003812B /* PBXTargetDependency */,
			);
			name = tippyTests;
			productName = tippyTests;
			productReference = 40B3B7E324BA8C870003812B /* tippyTests.xctest */;
			productType = "com.apple.product-type.bundle.unit-test";
		};
		40B3B7ED24BA8C870003812B /* tippyUITests */ = {
			isa = PBXNativeTarget;
			buildConfigurationList = 40B3B7FD24BA8C870003812B /* Build configuration list for PBXNativeTarget "tippyUITests" */;
			buildPhases = (
				40B3B7EA24BA8C870003812B /* Sources */,
				40B3B7EB24BA8C870003812B /* Frameworks */,
				40B3B7EC24BA8C870003812B /* Resources */,
			);
			buildRules = (
			);
			dependencies = (
				40B3B7F024BA8C870003812B /* PBXTargetDependency */,
			);
			name = tippyUITests;
			productName = tippyUITests;
			productReference = 40B3B7EE24BA8C870003812B /* tippyUITests.xctest */;
			productType = "com.apple.product-type.bundle.ui-testing";
		};
/* End PBXNativeTarget section */

/* Begin PBXProject section */
		40B3B7C724BA8C870003812B /* Project object */ = {
			isa = PBXProject;
			attributes = {
				LastSwiftUpdateCheck = 0920;
				LastUpgradeCheck = 0920;
				ORGANIZATIONNAME = "Nick N";
				TargetAttributes = {
					40B3B7CE24BA8C870003812B = {
						CreatedOnToolsVersion = 9.2;
						ProvisioningStyle = Automatic;
					};
					40B3B7E224BA8C870003812B = {
						CreatedOnToolsVersion = 9.2;
						ProvisioningStyle = Automatic;
						TestTargetID = 40B3B7CE24BA8C870003812B;
					};
					40B3B7ED24BA8C870003812B = {
						CreatedOnToolsVersion = 9.2;
						ProvisioningStyle = Automatic;
						TestTargetID = 40B3B7CE24BA8C870003812B;
					};
				};
			};
			buildConfigurationList = 40B3B7CA24BA8C870003812B /* Build configuration list for PBXProject "tippy" */;
			compatibilityVersion = "Xcode 8.0";
			developmentRegion = en;
			hasScannedForEncodings = 0;
			knownRegions = (
				en,
				Base,
			);
			mainGroup = 40B3B7C624BA8C870003812B;
			productRefGroup = 40B3B7D024BA8C870003812B /* Products */;
			projectDirPath = "";
			projectRoot = "";
			targets = (
				40B3B7CE24BA8C870003812B /* tippy */,
				40B3B7E224BA8C870003812B /* tippyTests */,
				40B3B7ED24BA8C870003812B /* tippyUITests */,
			);
		};
/* End PBXProject section */

/* Begin PBXResourcesBuildPhase section */
		40B3B7CD24BA8C870003812B /* Resources */ = {
			isa = PBXResourcesBuildPhase;
			buildActionMask = 2147483647;
			files = (
				40B3B7DD24BA8C870003812B /* LaunchScreen.storyboard in Resources */,
				40B3B7DA24BA8C870003812B /* Assets.xcassets in Resources */,
				40B3B7D824BA8C870003812B /* Main.storyboard in Resources */,
			);
			runOnlyForDeploymentPostprocessing = 0;
		};
		40B3B7E124BA8C870003812B /* Resources */ = {
			isa = PBXResourcesBuildPhase;
			buildActionMask = 2147483647;
			files = (
			);
			runOnlyForDeploymentPostprocessing = 0;
		};
		40B3B7EC24BA8C870003812B /* Resources */ = {
			isa = PBXResourcesBuildPhase;
			buildActionMask = 2147483647;
			files = (
			);
			runOnlyForDeploymentPostprocessing = 0;
		};
/* End PBXResourcesBuildPhase section */

/* Begin PBXSourcesBuildPhase section */
		40B3B7CB24BA8C870003812B /* Sources */ = {
			isa = PBXSourcesBuildPhase;
			buildActionMask = 2147483647;
			files = (
				40B3B7D524BA8C870003812B /* ViewController.swift in Sources */,
				40B3B7D324BA8C870003812B /* AppDelegate.swift in Sources */,
			);
			runOnlyForDeploymentPostprocessing = 0;
		};
		40B3B7DF24BA8C870003812B /* Sources */ = {
			isa = PBXSourcesBuildPhase;
			buildActionMask = 2147483647;
			files = (
				40B3B7E824BA8C870003812B /* tippyTests.swift in Sources */,
			);
			runOnlyForDeploymentPostprocessing = 0;
		};
		40B3B7EA24BA8C870003812B /* Sources */ = {
			isa = PBXSourcesBuildPhase;
			buildActionMask = 2147483647;
			files = (
				40B3B7F324BA8C870003812B /* tippyUITests.swift in Sources */,
			);
			runOnlyForDeploymentPostprocessing = 0;
		};
/* End PBXSourcesBuildPhase section */

/* Begin PBXTargetDependency section */
		40B3B7E524BA8C870003812B /* PBXTargetDependency */ = {
			isa = PBXTargetDependency;
			target = 40B3B7CE24BA8C870003812B /* tippy */;
			targetProxy = 40B3B7E424BA8C870003812B /* PBXContainerItemProxy */;
		};
		40B3B7F024BA8C870003812B /* PBXTargetDependency */ = {
			isa = PBXTargetDependency;
			target = 40B3B7CE24BA8C870003812B /* tippy */;
			targetProxy = 40B3B7EF24BA8C870003812B /* PBXContainerItemProxy */;
		};
/* End PBXTargetDependency section */

/* Begin PBXVariantGroup section */
		40B3B7D624BA8C870003812B /* Main.storyboard */ = {
			isa = PBXVariantGroup;
			children = (
				40B3B7D724BA8C870003812B /* Base */,
			);
			name = Main.storyboard;
			sourceTree = "<group>";
		};
		40B3B7DB24BA8C870003812B /* LaunchScreen.storyboard */ = {
			isa = PBXVariantGroup;
			children = (
				40B3B7DC24BA8C870003812B /* Base */,
			);
			name = LaunchScreen.storyboard;
			sourceTree = "<group>";
		};
/* End PBXVariantGroup section */

/* Begin XCBuildConfiguration section */
		40B3B7F524BA8C870003812B /* Debug */ = {
			isa = XCBuildConfiguration;
			buildSettings = {
				ALWAYS_SEARCH_USER_PATHS = NO;
				CLANG_ANALYZER_NONNULL = YES;
				CLANG_ANALYZER_NUMBER_OBJECT_CONVERSION = YES_AGGRESSIVE;
				CLANG_CXX_LANGUAGE_STANDARD = "gnu++14";
				CLANG_CXX_LIBRARY = "libc++";
				CLANG_ENABLE_MODULES = YES;
				CLANG_ENABLE_OBJC_ARC = YES;
				CLANG_WARN_BLOCK_CAPTURE_AUTORELEASING = YES;
				CLANG_WARN_BOOL_CONVERSION = YES;
				CLANG_WARN_COMMA = YES;
				CLANG_WARN_CONSTANT_CONVERSION = YES;
				CLANG_WARN_DIRECT_OBJC_ISA_USAGE = YES_ERROR;
				CLANG_WARN_DOCUMENTATION_COMMENTS = YES;
				CLANG_WARN_EMPTY_BODY = YES;
				CLANG_WARN_ENUM_CONVERSION = YES;
				CLANG_WARN_INFINITE_RECURSION = YES;
				CLANG_WARN_INT_CONVERSION = YES;
				CLANG_WARN_NON_LITERAL_NULL_CONVERSION = YES;
				CLANG_WARN_OBJC_LITERAL_CONVERSION = YES;
				CLANG_WARN_OBJC_ROOT_CLASS = YES_ERROR;
				CLANG_WARN_RANGE_LOOP_ANALYSIS = YES;
				CLANG_WARN_STRICT_PROTOTYPES = YES;
				CLANG_WARN_SUSPICIOUS_MOVE = YES;
				CLANG_WARN_UNGUARDED_AVAILABILITY = YES_AGGRESSIVE;
				CLANG_WARN_UNREACHABLE_CODE = YES;
				CLANG_WARN__DUPLICATE_METHOD_MATCH = YES;
				CODE_SIGN_IDENTITY = "iPhone Developer";
				COPY_PHASE_STRIP = NO;
				DEBUG_INFORMATION_FORMAT = dwarf;
				ENABLE_STRICT_OBJC_MSGSEND = YES;
				ENABLE_TESTABILITY = YES;
				GCC_C_LANGUAGE_STANDARD = gnu11;
				GCC_DYNAMIC_NO_PIC = NO;
				GCC_NO_COMMON_BLOCKS = YES;
				GCC_OPTIMIZATION_LEVEL = 0;
				GCC_PREPROCESSOR_DEFINITIONS = (
					"DEBUG=1",
					"$(inherited)",
				);
				GCC_WARN_64_TO_32_BIT_CONVERSION = YES;
				GCC_WARN_ABOUT_RETURN_TYPE = YES_ERROR;
				GCC_WARN_UNDECLARED_SELECTOR = YES;
				GCC_WARN_UNINITIALIZED_AUTOS = YES_AGGRESSIVE;
				GCC_WARN_UNUSED_FUNCTION = YES;
				GCC_WARN_UNUSED_VARIABLE = YES;
				IPHONEOS_DEPLOYMENT_TARGET = 11.2;
				MTL_ENABLE_DEBUG_INFO = YES;
				ONLY_ACTIVE_ARCH = YES;
				SDKROOT = iphoneos;
				SWIFT_ACTIVE_COMPILATION_CONDITIONS = DEBUG;
				SWIFT_OPTIMIZATION_LEVEL = "-Onone";
			};
			name = Debug;
		};
		40B3B7F624BA8C870003812B /* Release */ = {
			isa = XCBuildConfiguration;
			buildSettings = {
				ALWAYS_SEARCH_USER_PATHS = NO;
				CLANG_ANALYZER_NONNULL = YES;
				CLANG_ANALYZER_NUMBER_OBJECT_CONVERSION = YES_AGGRESSIVE;
				CLANG_CXX_LANGUAGE_STANDARD = "gnu++14";
				CLANG_CXX_LIBRARY = "libc++";
				CLANG_ENABLE_MODULES = YES;
				CLANG_ENABLE_OBJC_ARC = YES;
				CLANG_WARN_BLOCK_CAPTURE_AUTORELEASING = YES;
				CLANG_WARN_BOOL_CONVERSION = YES;
				CLANG_WARN_COMMA = YES;
				CLANG_WARN_CONSTANT_CONVERSION = YES;
				CLANG_WARN_DIRECT_OBJC_ISA_USAGE = YES_ERROR;
				CLANG_WARN_DOCUMENTATION_COMMENTS = YES;
				CLANG_WARN_EMPTY_BODY = YES;
				CLANG_WARN_ENUM_CONVERSION = YES;
				CLANG_WARN_INFINITE_RECURSION = YES;
				CLANG_WARN_INT_CONVERSION = YES;
				CLANG_WARN_NON_LITERAL_NULL_CONVERSION = YES;
				CLANG_WARN_OBJC_LITERAL_CONVERSION = YES;
				CLANG_WARN_OBJC_ROOT_CLASS = YES_ERROR;
				CLANG_WARN_RANGE_LOOP_ANALYSIS = YES;
				CLANG_WARN_STRICT_PROTOTYPES = YES;
				CLANG_WARN_SUSPICIOUS_MOVE = YES;
				CLANG_WARN_UNGUARDED_AVAILABILITY = YES_AGGRESSIVE;
				CLANG_WARN_UNREACHABLE_CODE = YES;
				CLANG_WARN__DUPLICATE_METHOD_MATCH = YES;
				CODE_SIGN_IDENTITY = "iPhone Developer";
				COPY_PHASE_STRIP = NO;
				DEBUG_INFORMATION_FORMAT = "dwarf-with-dsym";
				ENABLE_NS_ASSERTIONS = NO;
				ENABLE_STRICT_OBJC_MSGSEND = YES;
				GCC_C_LANGUAGE_STANDARD = gnu11;
				GCC_NO_COMMON_BLOCKS = YES;
				GCC_WARN_64_TO_32_BIT_CONVERSION = YES;
				GCC_WARN_ABOUT_RETURN_TYPE = YES_ERROR;
				GCC_WARN_UNDECLARED_SELECTOR = YES;
				GCC_WARN_UNINITIALIZED_AUTOS = YES_AGGRESSIVE;
				GCC_WARN_UNUSED_FUNCTION = YES;
				GCC_WARN_UNUSED_VARIABLE = YES;
				IPHONEOS_DEPLOYMENT_TARGET = 11.2;
				MTL_ENABLE_DEBUG_INFO = NO;
				SDKROOT = iphoneos;
				SWIFT_OPTIMIZATION_LEVEL = "-Owholemodule";
				VALIDATE_PRODUCT = YES;
			};
			name = Release;
		};
		40B3B7F824BA8C870003812B /* Debug */ = {
			isa = XCBuildConfiguration;
			buildSettings = {
				ASSETCATALOG_COMPILER_APPICON_NAME = AppIcon;
				CODE_SIGN_STYLE = Automatic;
				INFOPLIST_FILE = tippy/Info.plist;
				LD_RUNPATH_SEARCH_PATHS = "$(inherited) @executable_path/Frameworks";
				PRODUCT_BUNDLE_IDENTIFIER = com.nickn.tippy;
				PRODUCT_NAME = "$(TARGET_NAME)";
				SWIFT_VERSION = 4.0;
				TARGETED_DEVICE_FAMILY = "1,2";
			};
			name = Debug;
		};
		40B3B7F924BA8C870003812B /* Release */ = {
			isa = XCBuildConfiguration;
			buildSettings = {
				ASSETCATALOG_COMPILER_APPICON_NAME = AppIcon;
				CODE_SIGN_STYLE = Automatic;
				INFOPLIST_FILE = tippy/Info.plist;
				LD_RUNPATH_SEARCH_PATHS = "$(inherited) @executable_path/Frameworks";
				PRODUCT_BUNDLE_IDENTIFIER = com.nickn.tippy;
				PRODUCT_NAME = "$(TARGET_NAME)";
				SWIFT_VERSION = 4.0;
				TARGETED_DEVICE_FAMILY = "1,2";
			};
			name = Release;
		};
		40B3B7FB24BA8C870003812B /* Debug */ = {
			isa = XCBuildConfiguration;
			buildSettings = {
				ALWAYS_EMBED_SWIFT_STANDARD_LIBRARIES = YES;
				BUNDLE_LOADER = "$(TEST_HOST)";
				CODE_SIGN_STYLE = Automatic;
				INFOPLIST_FILE = tippyTests/Info.plist;
				LD_RUNPATH_SEARCH_PATHS = "$(inherited) @executable_path/Frameworks @loader_path/Frameworks";
				PRODUCT_BUNDLE_IDENTIFIER = com.nickn.tippyTests;
				PRODUCT_NAME = "$(TARGET_NAME)";
				SWIFT_VERSION = 4.0;
				TARGETED_DEVICE_FAMILY = "1,2";
				TEST_HOST = "$(BUILT_PRODUCTS_DIR)/tippy.app/tippy";
			};
			name = Debug;
		};
		40B3B7FC24BA8C870003812B /* Release */ = {
			isa = XCBuildConfiguration;
			buildSettings = {
				ALWAYS_EMBED_SWIFT_STANDARD_LIBRARIES = YES;
				BUNDLE_LOADER = "$(TEST_HOST)";
				CODE_SIGN_STYLE = Automatic;
				INFOPLIST_FILE = tippyTests/Info.plist;
				LD_RUNPATH_SEARCH_PATHS = "$(inherited) @executable_path/Frameworks @loader_path/Frameworks";
				PRODUCT_BUNDLE_IDENTIFIER = com.nickn.tippyTests;
				PRODUCT_NAME = "$(TARGET_NAME)";
				SWIFT_VERSION = 4.0;
				TARGETED_DEVICE_FAMILY = "1,2";
				TEST_HOST = "$(BUILT_PRODUCTS_DIR)/tippy.app/tippy";
			};
			name = Release;
		};
		40B3B7FE24BA8C870003812B /* Debug */ = {
			isa = XCBuildConfiguration;
			buildSettings = {
				ALWAYS_EMBED_SWIFT_STANDARD_LIBRARIES = YES;
				CODE_SIGN_STYLE = Automatic;
				INFOPLIST_FILE = tippyUITests/Info.plist;
				LD_RUNPATH_SEARCH_PATHS = "$(inherited) @executable_path/Frameworks @loader_path/Frameworks";
				PRODUCT_BUNDLE_IDENTIFIER = com.nickn.tippyUITests;
				PRODUCT_NAME = "$(TARGET_NAME)";
				SWIFT_VERSION = 4.0;
				TARGETED_DEVICE_FAMILY = "1,2";
				TEST_TARGET_NAME = tippy;
			};
			name = Debug;
		};
		40B3B7FF24BA8C870003812B /* Release */ = {
			isa = XCBuildConfiguration;
			buildSettings = {
				ALWAYS_EMBED_SWIFT_STANDARD_LIBRARIES = YES;
				CODE_SIGN_STYLE = Automatic;
				INFOPLIST_FILE = tippyUITests/Info.plist;
				LD_RUNPATH_SEARCH_PATHS = "$(inherited) @executable_path/Frameworks @loader_path/Frameworks";
				PRODUCT_BUNDLE_IDENTIFIER = com.nickn.tippyUITests;
				PRODUCT_NAME = "$(TARGET_NAME)";
				SWIFT_VERSION = 4.0;
				TARGETED_DEVICE_FAMILY = "1,2";
				TEST_TARGET_NAME = tippy;
			};
			name = Release;
		};
/* End XCBuildConfiguration section */

/* Begin XCConfigurationList section */
		40B3B7CA24BA8C870003812B /* Build configuration list for PBXProject "tippy" */ = {
			isa = XCConfigurationList;
			buildConfigurations = (
				40B3B7F524BA8C870003812B /* Debug */,
				40B3B7F624BA8C870003812B /* Release */,
			);
			defaultConfigurationIsVisible = 0;
			defaultConfigurationName = Release;
		};
		40B3B7F724BA8C870003812B /* Build configuration list for PBXNativeTarget "tippy" */ = {
			isa = XCConfigurationList;
			buildConfigurations = (
				40B3B7F824BA8C870003812B /* Debug */,
				40B3B7F924BA8C870003812B /* Release */,
			);
			defaultConfigurationIsVisible = 0;
			defaultConfigurationName = Release;
		};
		40B3B7FA24BA8C870003812B /* Build configuration list for PBXNativeTarget "tippyTests" */ = {
			isa = XCConfigurationList;
			buildConfigurations = (
				40B3B7FB24BA8C870003812B /* Debug */,
				40B3B7FC24BA8C870003812B /* Release */,
			);
			defaultConfigurationIsVisible = 0;
			defaultConfigurationName = Release;
		};
		40B3B7FD24BA8C870003812B /* Build configuration list for PBXNativeTarget "tippyUITests" */ = {
			isa = XCConfigurationList;
			buildConfigurations = (
				40B3B7FE24BA8C870003812B /* Debug */,
				40B3B7FF24BA8C870003812B /* Release */,
			);
			defaultConfigurationIsVisible = 0;
			defaultConfigurationName = Release;
		};
/* End XCConfigurationList section */
	};
	rootObject = 40B3B7C724BA8C870003812B /* Project object */;
}
